// !$*UTF8*$!
{
	archiveVersion = 1;
	classes = {
	};
	objectVersion = 56;
	objects = {

/* Begin PBXBuildFile section */
		4E31576B2BD8EA7500C14060 /* HomeView.swift in Sources */ = {isa = PBXBuildFile; fileRef = 4E31576A2BD8EA7500C14060 /* HomeView.swift */; };
		4E31576D2BD8EA7E00C14060 /* HomeViewController.swift in Sources */ = {isa = PBXBuildFile; fileRef = 4E31576C2BD8EA7E00C14060 /* HomeViewController.swift */; };
		4E31576F2BD8EAA700C14060 /* HomeViewModel.swift in Sources */ = {isa = PBXBuildFile; fileRef = 4E31576E2BD8EAA700C14060 /* HomeViewModel.swift */; };
		4E3157722BD8F12500C14060 /* SnapKit in Frameworks */ = {isa = PBXBuildFile; productRef = 4E3157712BD8F12500C14060 /* SnapKit */; };
		4E3157742BD8F12500C14060 /* SnapKit-Dynamic in Frameworks */ = {isa = PBXBuildFile; productRef = 4E3157732BD8F12500C14060 /* SnapKit-Dynamic */; };
		4E3157772BD8F12F00C14060 /* RxBlocking in Frameworks */ = {isa = PBXBuildFile; productRef = 4E3157762BD8F12F00C14060 /* RxBlocking */; };
		4E3157792BD8F12F00C14060 /* RxBlocking-Dynamic in Frameworks */ = {isa = PBXBuildFile; productRef = 4E3157782BD8F12F00C14060 /* RxBlocking-Dynamic */; };
		4E31577B2BD8F12F00C14060 /* RxCocoa in Frameworks */ = {isa = PBXBuildFile; productRef = 4E31577A2BD8F12F00C14060 /* RxCocoa */; };
		4E31577D2BD8F12F00C14060 /* RxCocoa-Dynamic in Frameworks */ = {isa = PBXBuildFile; productRef = 4E31577C2BD8F12F00C14060 /* RxCocoa-Dynamic */; };
		4E31577F2BD8F12F00C14060 /* RxRelay in Frameworks */ = {isa = PBXBuildFile; productRef = 4E31577E2BD8F12F00C14060 /* RxRelay */; };
		4E3157822BD8F13A00C14060 /* Alamofire in Frameworks */ = {isa = PBXBuildFile; productRef = 4E3157812BD8F13A00C14060 /* Alamofire */; };
		4E3157842BD8F13A00C14060 /* AlamofireDynamic in Frameworks */ = {isa = PBXBuildFile; productRef = 4E3157832BD8F13A00C14060 /* AlamofireDynamic */; };
		4E3157862BD8F1EA00C14060 /* CalendarView.swift in Sources */ = {isa = PBXBuildFile; fileRef = 4E3157852BD8F1EA00C14060 /* CalendarView.swift */; };
		4E31578A2BD8F20A00C14060 /* CalendarViewController.swift in Sources */ = {isa = PBXBuildFile; fileRef = 4E3157892BD8F20A00C14060 /* CalendarViewController.swift */; };
		4E31578C2BD8F21000C14060 /* SettingViewController.swift in Sources */ = {isa = PBXBuildFile; fileRef = 4E31578B2BD8F21000C14060 /* SettingViewController.swift */; };
		4E31578E2BD8F21900C14060 /* CalendarViewModel.swift in Sources */ = {isa = PBXBuildFile; fileRef = 4E31578D2BD8F21900C14060 /* CalendarViewModel.swift */; };
		4E3157902BD8F22000C14060 /* SettingViewModel.swift in Sources */ = {isa = PBXBuildFile; fileRef = 4E31578F2BD8F22000C14060 /* SettingViewModel.swift */; };
		4E3157922BD8F27B00C14060 /* MainTabBarController.swift in Sources */ = {isa = PBXBuildFile; fileRef = 4E3157912BD8F27B00C14060 /* MainTabBarController.swift */; };
		4E3157952BD8F2EF00C14060 /* UITabBarController+Extension.swift in Sources */ = {isa = PBXBuildFile; fileRef = 4E3157942BD8F2EF00C14060 /* UITabBarController+Extension.swift */; };
		4E3157972BD8F56600C14060 /* UIImage+Extension.swift in Sources */ = {isa = PBXBuildFile; fileRef = 4E3157962BD8F56600C14060 /* UIImage+Extension.swift */; };
		4E3157992BD8F57900C14060 /* SettingView.swift in Sources */ = {isa = PBXBuildFile; fileRef = 4E3157982BD8F57900C14060 /* SettingView.swift */; };
		4E81BE212BD65A300073A5C0 /* AppDelegate.swift in Sources */ = {isa = PBXBuildFile; fileRef = 4E81BE202BD65A300073A5C0 /* AppDelegate.swift */; };
		4E81BE232BD65A300073A5C0 /* SceneDelegate.swift in Sources */ = {isa = PBXBuildFile; fileRef = 4E81BE222BD65A300073A5C0 /* SceneDelegate.swift */; };
		4E81BE2A2BD65A320073A5C0 /* Assets.xcassets in Resources */ = {isa = PBXBuildFile; fileRef = 4E81BE292BD65A320073A5C0 /* Assets.xcassets */; };
		4E81BE2D2BD65A320073A5C0 /* LaunchScreen.storyboard in Resources */ = {isa = PBXBuildFile; fileRef = 4E81BE2B2BD65A320073A5C0 /* LaunchScreen.storyboard */; };
		4E81BE3B2BD65BDE0073A5C0 /* DiaryEntry.swift in Sources */ = {isa = PBXBuildFile; fileRef = 4E81BE3A2BD65BDE0073A5C0 /* DiaryEntry.swift */; };
		4E81BE3D2BD65C440073A5C0 /* DiaryListView.swift in Sources */ = {isa = PBXBuildFile; fileRef = 4E81BE3C2BD65C440073A5C0 /* DiaryListView.swift */; };
		4E81BE422BD65C740073A5C0 /* DiaryListViewController.swift in Sources */ = {isa = PBXBuildFile; fileRef = 4E81BE412BD65C740073A5C0 /* DiaryListViewController.swift */; };
		4E81BE462BD65C940073A5C0 /* DiaryListViewModel.swift in Sources */ = {isa = PBXBuildFile; fileRef = 4E81BE452BD65C940073A5C0 /* DiaryListViewModel.swift */; };
		4E81BE482BD65C9A0073A5C0 /* DiaryEntryViewModel.swift in Sources */ = {isa = PBXBuildFile; fileRef = 4E81BE472BD65C9A0073A5C0 /* DiaryEntryViewModel.swift */; };
		4E81BE4A2BD65CAE0073A5C0 /* DiaryDataService.swift in Sources */ = {isa = PBXBuildFile; fileRef = 4E81BE492BD65CAE0073A5C0 /* DiaryDataService.swift */; };
		4E9952032BD9DF1900776FCE /* .gitignore in Resources */ = {isa = PBXBuildFile; fileRef = 4E9952022BD9DF1900776FCE /* .gitignore */; };
/* End PBXBuildFile section */

/* Begin PBXFileReference section */
		4E31576A2BD8EA7500C14060 /* HomeView.swift */ = {isa = PBXFileReference; lastKnownFileType = sourcecode.swift; path = HomeView.swift; sourceTree = "<group>"; };
		4E31576C2BD8EA7E00C14060 /* HomeViewController.swift */ = {isa = PBXFileReference; lastKnownFileType = sourcecode.swift; path = HomeViewController.swift; sourceTree = "<group>"; };
		4E31576E2BD8EAA700C14060 /* HomeViewModel.swift */ = {isa = PBXFileReference; lastKnownFileType = sourcecode.swift; path = HomeViewModel.swift; sourceTree = "<group>"; };
		4E3157852BD8F1EA00C14060 /* CalendarView.swift */ = {isa = PBXFileReference; lastKnownFileType = sourcecode.swift; path = CalendarView.swift; sourceTree = "<group>"; };
		4E3157892BD8F20A00C14060 /* CalendarViewController.swift */ = {isa = PBXFileReference; lastKnownFileType = sourcecode.swift; path = CalendarViewController.swift; sourceTree = "<group>"; };
		4E31578B2BD8F21000C14060 /* SettingViewController.swift */ = {isa = PBXFileReference; lastKnownFileType = sourcecode.swift; path = SettingViewController.swift; sourceTree = "<group>"; };
		4E31578D2BD8F21900C14060 /* CalendarViewModel.swift */ = {isa = PBXFileReference; lastKnownFileType = sourcecode.swift; path = CalendarViewModel.swift; sourceTree = "<group>"; };
		4E31578F2BD8F22000C14060 /* SettingViewModel.swift */ = {isa = PBXFileReference; lastKnownFileType = sourcecode.swift; path = SettingViewModel.swift; sourceTree = "<group>"; };
		4E3157912BD8F27B00C14060 /* MainTabBarController.swift */ = {isa = PBXFileReference; lastKnownFileType = sourcecode.swift; path = MainTabBarController.swift; sourceTree = "<group>"; };
		4E3157942BD8F2EF00C14060 /* UITabBarController+Extension.swift */ = {isa = PBXFileReference; lastKnownFileType = sourcecode.swift; path = "UITabBarController+Extension.swift"; sourceTree = "<group>"; };
		4E3157962BD8F56600C14060 /* UIImage+Extension.swift */ = {isa = PBXFileReference; lastKnownFileType = sourcecode.swift; path = "UIImage+Extension.swift"; sourceTree = "<group>"; };
		4E3157982BD8F57900C14060 /* SettingView.swift */ = {isa = PBXFileReference; lastKnownFileType = sourcecode.swift; path = SettingView.swift; sourceTree = "<group>"; };
		4E81BE1D2BD65A300073A5C0 /* myDiary.app */ = {isa = PBXFileReference; explicitFileType = wrapper.application; includeInIndex = 0; path = myDiary.app; sourceTree = BUILT_PRODUCTS_DIR; };
		4E81BE202BD65A300073A5C0 /* AppDelegate.swift */ = {isa = PBXFileReference; lastKnownFileType = sourcecode.swift; path = AppDelegate.swift; sourceTree = "<group>"; };
		4E81BE222BD65A300073A5C0 /* SceneDelegate.swift */ = {isa = PBXFileReference; lastKnownFileType = sourcecode.swift; path = SceneDelegate.swift; sourceTree = "<group>"; };
		4E81BE292BD65A320073A5C0 /* Assets.xcassets */ = {isa = PBXFileReference; lastKnownFileType = folder.assetcatalog; path = Assets.xcassets; sourceTree = "<group>"; };
		4E81BE2C2BD65A320073A5C0 /* Base */ = {isa = PBXFileReference; lastKnownFileType = file.storyboard; name = Base; path = Base.lproj/LaunchScreen.storyboard; sourceTree = "<group>"; };
		4E81BE2E2BD65A320073A5C0 /* Info.plist */ = {isa = PBXFileReference; lastKnownFileType = text.plist.xml; path = Info.plist; sourceTree = "<group>"; };
		4E81BE3A2BD65BDE0073A5C0 /* DiaryEntry.swift */ = {isa = PBXFileReference; lastKnownFileType = sourcecode.swift; path = DiaryEntry.swift; sourceTree = "<group>"; };
		4E81BE3C2BD65C440073A5C0 /* DiaryListView.swift */ = {isa = PBXFileReference; lastKnownFileType = sourcecode.swift; path = DiaryListView.swift; sourceTree = "<group>"; };
		4E81BE412BD65C740073A5C0 /* DiaryListViewController.swift */ = {isa = PBXFileReference; lastKnownFileType = sourcecode.swift; path = DiaryListViewController.swift; sourceTree = "<group>"; };
		4E81BE452BD65C940073A5C0 /* DiaryListViewModel.swift */ = {isa = PBXFileReference; lastKnownFileType = sourcecode.swift; path = DiaryListViewModel.swift; sourceTree = "<group>"; };
		4E81BE472BD65C9A0073A5C0 /* DiaryEntryViewModel.swift */ = {isa = PBXFileReference; lastKnownFileType = sourcecode.swift; path = DiaryEntryViewModel.swift; sourceTree = "<group>"; };
		4E81BE492BD65CAE0073A5C0 /* DiaryDataService.swift */ = {isa = PBXFileReference; lastKnownFileType = sourcecode.swift; path = DiaryDataService.swift; sourceTree = "<group>"; };
		4E9952022BD9DF1900776FCE /* .gitignore */ = {isa = PBXFileReference; lastKnownFileType = text; path = .gitignore; sourceTree = "<group>"; };
/* End PBXFileReference section */

/* Begin PBXFrameworksBuildPhase section */
		4E81BE1A2BD65A300073A5C0 /* Frameworks */ = {
			isa = PBXFrameworksBuildPhase;
			buildActionMask = 2147483647;
			files = (
				4E3157722BD8F12500C14060 /* SnapKit in Frameworks */,
				4E3157822BD8F13A00C14060 /* Alamofire in Frameworks */,
				4E3157772BD8F12F00C14060 /* RxBlocking in Frameworks */,
				4E31577F2BD8F12F00C14060 /* RxRelay in Frameworks */,
				4E31577B2BD8F12F00C14060 /* RxCocoa in Frameworks */,
				4E3157742BD8F12500C14060 /* SnapKit-Dynamic in Frameworks */,
				4E31577D2BD8F12F00C14060 /* RxCocoa-Dynamic in Frameworks */,
				4E3157842BD8F13A00C14060 /* AlamofireDynamic in Frameworks */,
				4E3157792BD8F12F00C14060 /* RxBlocking-Dynamic in Frameworks */,
			);
			runOnlyForDeploymentPostprocessing = 0;
		};
/* End PBXFrameworksBuildPhase section */

/* Begin PBXGroup section */
		4E3157932BD8F2DC00C14060 /* Extensions */ = {
			isa = PBXGroup;
			children = (
				4E3157942BD8F2EF00C14060 /* UITabBarController+Extension.swift */,
				4E3157962BD8F56600C14060 /* UIImage+Extension.swift */,
			);
			path = Extensions;
			sourceTree = "<group>";
		};
		4E31579A2BD8F7F000C14060 /* WLDesign */ = {
			isa = PBXGroup;
			children = (
			);
			path = WLDesign;
			sourceTree = "<group>";
		};
		4E81BE142BD65A300073A5C0 = {
			isa = PBXGroup;
			children = (
				4E9952022BD9DF1900776FCE /* .gitignore */,
				4E81BE1F2BD65A300073A5C0 /* myDiary */,
				4E81BE1E2BD65A300073A5C0 /* Products */,
			);
			sourceTree = "<group>";
		};
		4E81BE1E2BD65A300073A5C0 /* Products */ = {
			isa = PBXGroup;
			children = (
				4E81BE1D2BD65A300073A5C0 /* myDiary.app */,
			);
			name = Products;
			sourceTree = "<group>";
		};
		4E81BE1F2BD65A300073A5C0 /* myDiary */ = {
			isa = PBXGroup;
			children = (
				4E81BE392BD65B9F0073A5C0 /* LifeCycles */,
				4E3157932BD8F2DC00C14060 /* Extensions */,
				4E31579A2BD8F7F000C14060 /* WLDesign */,
				4E81BE342BD65AAD0073A5C0 /* Services */,
				4E81BE352BD65AE70073A5C0 /* Models */,
				4E81BE372BD65B910073A5C0 /* Views */,
				4E81BE402BD65C5B0073A5C0 /* ViewControllers */,
				4E81BE382BD65B940073A5C0 /* ViewModels */,
				4E81BE292BD65A320073A5C0 /* Assets.xcassets */,
				4E81BE2B2BD65A320073A5C0 /* LaunchScreen.storyboard */,
				4E81BE2E2BD65A320073A5C0 /* Info.plist */,
			);
			path = myDiary;
			sourceTree = "<group>";
		};
		4E81BE342BD65AAD0073A5C0 /* Services */ = {
			isa = PBXGroup;
			children = (
				4E81BE492BD65CAE0073A5C0 /* DiaryDataService.swift */,
			);
			path = Services;
			sourceTree = "<group>";
		};
		4E81BE352BD65AE70073A5C0 /* Models */ = {
			isa = PBXGroup;
			children = (
				4E81BE3A2BD65BDE0073A5C0 /* DiaryEntry.swift */,
			);
			path = Models;
			sourceTree = "<group>";
		};
		4E81BE372BD65B910073A5C0 /* Views */ = {
			isa = PBXGroup;
			children = (
				4E31576A2BD8EA7500C14060 /* HomeView.swift */,
				4E81BE3C2BD65C440073A5C0 /* DiaryListView.swift */,
				4E3157852BD8F1EA00C14060 /* CalendarView.swift */,
				4E3157982BD8F57900C14060 /* SettingView.swift */,
			);
			path = Views;
			sourceTree = "<group>";
		};
		4E81BE382BD65B940073A5C0 /* ViewModels */ = {
			isa = PBXGroup;
			children = (
				4E81BE452BD65C940073A5C0 /* DiaryListViewModel.swift */,
				4E81BE472BD65C9A0073A5C0 /* DiaryEntryViewModel.swift */,
				4E31576E2BD8EAA700C14060 /* HomeViewModel.swift */,
				4E31578D2BD8F21900C14060 /* CalendarViewModel.swift */,
				4E31578F2BD8F22000C14060 /* SettingViewModel.swift */,
			);
			path = ViewModels;
			sourceTree = "<group>";
		};
		4E81BE392BD65B9F0073A5C0 /* LifeCycles */ = {
			isa = PBXGroup;
			children = (
				4E81BE202BD65A300073A5C0 /* AppDelegate.swift */,
				4E81BE222BD65A300073A5C0 /* SceneDelegate.swift */,
			);
			path = LifeCycles;
			sourceTree = "<group>";
		};
		4E81BE402BD65C5B0073A5C0 /* ViewControllers */ = {
			isa = PBXGroup;
			children = (
				4E3157912BD8F27B00C14060 /* MainTabBarController.swift */,
				4E31576C2BD8EA7E00C14060 /* HomeViewController.swift */,
				4E81BE412BD65C740073A5C0 /* DiaryListViewController.swift */,
				4E3157892BD8F20A00C14060 /* CalendarViewController.swift */,
				4E31578B2BD8F21000C14060 /* SettingViewController.swift */,
			);
			path = ViewControllers;
			sourceTree = "<group>";
		};
/* End PBXGroup section */

/* Begin PBXNativeTarget section */
		4E81BE1C2BD65A300073A5C0 /* myDiary */ = {
			isa = PBXNativeTarget;
			buildConfigurationList = 4E81BE312BD65A320073A5C0 /* Build configuration list for PBXNativeTarget "myDiary" */;
			buildPhases = (
				4E81BE192BD65A300073A5C0 /* Sources */,
				4E81BE1A2BD65A300073A5C0 /* Frameworks */,
				4E81BE1B2BD65A300073A5C0 /* Resources */,
			);
			buildRules = (
			);
			dependencies = (
			);
			name = myDiary;
			packageProductDependencies = (
				4E3157712BD8F12500C14060 /* SnapKit */,
				4E3157732BD8F12500C14060 /* SnapKit-Dynamic */,
				4E3157762BD8F12F00C14060 /* RxBlocking */,
				4E3157782BD8F12F00C14060 /* RxBlocking-Dynamic */,
				4E31577A2BD8F12F00C14060 /* RxCocoa */,
				4E31577C2BD8F12F00C14060 /* RxCocoa-Dynamic */,
				4E31577E2BD8F12F00C14060 /* RxRelay */,
				4E3157812BD8F13A00C14060 /* Alamofire */,
				4E3157832BD8F13A00C14060 /* AlamofireDynamic */,
			);
			productName = myDiary;
			productReference = 4E81BE1D2BD65A300073A5C0 /* myDiary.app */;
			productType = "com.apple.product-type.application";
		};
/* End PBXNativeTarget section */

/* Begin PBXProject section */
		4E81BE152BD65A300073A5C0 /* Project object */ = {
			isa = PBXProject;
			attributes = {
				BuildIndependentTargetsInParallel = 1;
				LastSwiftUpdateCheck = 1510;
				LastUpgradeCheck = 1510;
				TargetAttributes = {
					4E81BE1C2BD65A300073A5C0 = {
						CreatedOnToolsVersion = 15.1;
					};
				};
			};
			buildConfigurationList = 4E81BE182BD65A300073A5C0 /* Build configuration list for PBXProject "myDiary" */;
			compatibilityVersion = "Xcode 14.0";
			developmentRegion = en;
			hasScannedForEncodings = 0;
			knownRegions = (
				en,
				Base,
			);
			mainGroup = 4E81BE142BD65A300073A5C0;
			packageReferences = (
				4E3157702BD8F12500C14060 /* XCRemoteSwiftPackageReference "SnapKit" */,
				4E3157752BD8F12F00C14060 /* XCRemoteSwiftPackageReference "RxSwift" */,
				4E3157802BD8F13A00C14060 /* XCRemoteSwiftPackageReference "Alamofire" */,
			);
			productRefGroup = 4E81BE1E2BD65A300073A5C0 /* Products */;
			projectDirPath = "";
			projectRoot = "";
			targets = (
				4E81BE1C2BD65A300073A5C0 /* myDiary */,
			);
		};
/* End PBXProject section */

/* Begin PBXResourcesBuildPhase section */
		4E81BE1B2BD65A300073A5C0 /* Resources */ = {
			isa = PBXResourcesBuildPhase;
			buildActionMask = 2147483647;
			files = (
				4E81BE2D2BD65A320073A5C0 /* LaunchScreen.storyboard in Resources */,
				4E9952032BD9DF1900776FCE /* .gitignore in Resources */,
				4E81BE2A2BD65A320073A5C0 /* Assets.xcassets in Resources */,
			);
			runOnlyForDeploymentPostprocessing = 0;
		};
/* End PBXResourcesBuildPhase section */

/* Begin PBXSourcesBuildPhase section */
		4E81BE192BD65A300073A5C0 /* Sources */ = {
			isa = PBXSourcesBuildPhase;
			buildActionMask = 2147483647;
			files = (
				4E31578A2BD8F20A00C14060 /* CalendarViewController.swift in Sources */,
				4E3157992BD8F57900C14060 /* SettingView.swift in Sources */,
				4E3157902BD8F22000C14060 /* SettingViewModel.swift in Sources */,
				4E81BE422BD65C740073A5C0 /* DiaryListViewController.swift in Sources */,
				4E3157972BD8F56600C14060 /* UIImage+Extension.swift in Sources */,
				4E81BE482BD65C9A0073A5C0 /* DiaryEntryViewModel.swift in Sources */,
				4E81BE462BD65C940073A5C0 /* DiaryListViewModel.swift in Sources */,
				4E81BE212BD65A300073A5C0 /* AppDelegate.swift in Sources */,
				4E31578C2BD8F21000C14060 /* SettingViewController.swift in Sources */,
				4E31578E2BD8F21900C14060 /* CalendarViewModel.swift in Sources */,
				4E3157922BD8F27B00C14060 /* MainTabBarController.swift in Sources */,
				4E81BE3B2BD65BDE0073A5C0 /* DiaryEntry.swift in Sources */,
				4E3157952BD8F2EF00C14060 /* UITabBarController+Extension.swift in Sources */,
				4E81BE3D2BD65C440073A5C0 /* DiaryListView.swift in Sources */,
				4E81BE232BD65A300073A5C0 /* SceneDelegate.swift in Sources */,
				4E3157862BD8F1EA00C14060 /* CalendarView.swift in Sources */,
				4E31576F2BD8EAA700C14060 /* HomeViewModel.swift in Sources */,
				4E31576B2BD8EA7500C14060 /* HomeView.swift in Sources */,
				4E31576D2BD8EA7E00C14060 /* HomeViewController.swift in Sources */,
				4E81BE4A2BD65CAE0073A5C0 /* DiaryDataService.swift in Sources */,
			);
			runOnlyForDeploymentPostprocessing = 0;
		};
/* End PBXSourcesBuildPhase section */

/* Begin PBXVariantGroup section */
		4E81BE2B2BD65A320073A5C0 /* LaunchScreen.storyboard */ = {
			isa = PBXVariantGroup;
			children = (
				4E81BE2C2BD65A320073A5C0 /* Base */,
			);
			name = LaunchScreen.storyboard;
			sourceTree = "<group>";
		};
/* End PBXVariantGroup section */

/* Begin XCBuildConfiguration section */
		4E81BE2F2BD65A320073A5C0 /* Debug */ = {
			isa = XCBuildConfiguration;
			buildSettings = {
				ALWAYS_SEARCH_USER_PATHS = NO;
				ASSETCATALOG_COMPILER_GENERATE_SWIFT_ASSET_SYMBOL_EXTENSIONS = YES;
				CLANG_ANALYZER_NONNULL = YES;
				CLANG_ANALYZER_NUMBER_OBJECT_CONVERSION = YES_AGGRESSIVE;
				CLANG_CXX_LANGUAGE_STANDARD = "gnu++20";
				CLANG_ENABLE_MODULES = YES;
				CLANG_ENABLE_OBJC_ARC = YES;
				CLANG_ENABLE_OBJC_WEAK = YES;
				CLANG_WARN_BLOCK_CAPTURE_AUTORELEASING = YES;
				CLANG_WARN_BOOL_CONVERSION = YES;
				CLANG_WARN_COMMA = YES;
				CLANG_WARN_CONSTANT_CONVERSION = YES;
				CLANG_WARN_DEPRECATED_OBJC_IMPLEMENTATIONS = YES;
				CLANG_WARN_DIRECT_OBJC_ISA_USAGE = YES_ERROR;
				CLANG_WARN_DOCUMENTATION_COMMENTS = YES;
				CLANG_WARN_EMPTY_BODY = YES;
				CLANG_WARN_ENUM_CONVERSION = YES;
				CLANG_WARN_INFINITE_RECURSION = YES;
				CLANG_WARN_INT_CONVERSION = YES;
				CLANG_WARN_NON_LITERAL_NULL_CONVERSION = YES;
				CLANG_WARN_OBJC_IMPLICIT_RETAIN_SELF = YES;
				CLANG_WARN_OBJC_LITERAL_CONVERSION = YES;
				CLANG_WARN_OBJC_ROOT_CLASS = YES_ERROR;
				CLANG_WARN_QUOTED_INCLUDE_IN_FRAMEWORK_HEADER = YES;
				CLANG_WARN_RANGE_LOOP_ANALYSIS = YES;
				CLANG_WARN_STRICT_PROTOTYPES = YES;
				CLANG_WARN_SUSPICIOUS_MOVE = YES;
				CLANG_WARN_UNGUARDED_AVAILABILITY = YES_AGGRESSIVE;
				CLANG_WARN_UNREACHABLE_CODE = YES;
				CLANG_WARN__DUPLICATE_METHOD_MATCH = YES;
				COPY_PHASE_STRIP = NO;
				DEBUG_INFORMATION_FORMAT = dwarf;
				ENABLE_STRICT_OBJC_MSGSEND = YES;
				ENABLE_TESTABILITY = YES;
				ENABLE_USER_SCRIPT_SANDBOXING = YES;
				GCC_C_LANGUAGE_STANDARD = gnu17;
				GCC_DYNAMIC_NO_PIC = NO;
				GCC_NO_COMMON_BLOCKS = YES;
				GCC_OPTIMIZATION_LEVEL = 0;
				GCC_PREPROCESSOR_DEFINITIONS = (
					"DEBUG=1",
					"$(inherited)",
				);
				GCC_WARN_64_TO_32_BIT_CONVERSION = YES;
				GCC_WARN_ABOUT_RETURN_TYPE = YES_ERROR;
				GCC_WARN_UNDECLARED_SELECTOR = YES;
				GCC_WARN_UNINITIALIZED_AUTOS = YES_AGGRESSIVE;
				GCC_WARN_UNUSED_FUNCTION = YES;
				GCC_WARN_UNUSED_VARIABLE = YES;
				IPHONEOS_DEPLOYMENT_TARGET = 17.2;
				LOCALIZATION_PREFERS_STRING_CATALOGS = YES;
				MTL_ENABLE_DEBUG_INFO = INCLUDE_SOURCE;
				MTL_FAST_MATH = YES;
				ONLY_ACTIVE_ARCH = YES;
				SDKROOT = iphoneos;
				SWIFT_ACTIVE_COMPILATION_CONDITIONS = "DEBUG $(inherited)";
				SWIFT_OPTIMIZATION_LEVEL = "-Onone";
			};
			name = Debug;
		};
		4E81BE302BD65A320073A5C0 /* Release */ = {
			isa = XCBuildConfiguration;
			buildSettings = {
				ALWAYS_SEARCH_USER_PATHS = NO;
				ASSETCATALOG_COMPILER_GENERATE_SWIFT_ASSET_SYMBOL_EXTENSIONS = YES;
				CLANG_ANALYZER_NONNULL = YES;
				CLANG_ANALYZER_NUMBER_OBJECT_CONVERSION = YES_AGGRESSIVE;
				CLANG_CXX_LANGUAGE_STANDARD = "gnu++20";
				CLANG_ENABLE_MODULES = YES;
				CLANG_ENABLE_OBJC_ARC = YES;
				CLANG_ENABLE_OBJC_WEAK = YES;
				CLANG_WARN_BLOCK_CAPTURE_AUTORELEASING = YES;
				CLANG_WARN_BOOL_CONVERSION = YES;
				CLANG_WARN_COMMA = YES;
				CLANG_WARN_CONSTANT_CONVERSION = YES;
				CLANG_WARN_DEPRECATED_OBJC_IMPLEMENTATIONS = YES;
				CLANG_WARN_DIRECT_OBJC_ISA_USAGE = YES_ERROR;
				CLANG_WARN_DOCUMENTATION_COMMENTS = YES;
				CLANG_WARN_EMPTY_BODY = YES;
				CLANG_WARN_ENUM_CONVERSION = YES;
				CLANG_WARN_INFINITE_RECURSION = YES;
				CLANG_WARN_INT_CONVERSION = YES;
				CLANG_WARN_NON_LITERAL_NULL_CONVERSION = YES;
				CLANG_WARN_OBJC_IMPLICIT_RETAIN_SELF = YES;
				CLANG_WARN_OBJC_LITERAL_CONVERSION = YES;
				CLANG_WARN_OBJC_ROOT_CLASS = YES_ERROR;
				CLANG_WARN_QUOTED_INCLUDE_IN_FRAMEWORK_HEADER = YES;
				CLANG_WARN_RANGE_LOOP_ANALYSIS = YES;
				CLANG_WARN_STRICT_PROTOTYPES = YES;
				CLANG_WARN_SUSPICIOUS_MOVE = YES;
				CLANG_WARN_UNGUARDED_AVAILABILITY = YES_AGGRESSIVE;
				CLANG_WARN_UNREACHABLE_CODE = YES;
				CLANG_WARN__DUPLICATE_METHOD_MATCH = YES;
				COPY_PHASE_STRIP = NO;
				DEBUG_INFORMATION_FORMAT = "dwarf-with-dsym";
				ENABLE_NS_ASSERTIONS = NO;
				ENABLE_STRICT_OBJC_MSGSEND = YES;
				ENABLE_USER_SCRIPT_SANDBOXING = YES;
				GCC_C_LANGUAGE_STANDARD = gnu17;
				GCC_NO_COMMON_BLOCKS = YES;
				GCC_WARN_64_TO_32_BIT_CONVERSION = YES;
				GCC_WARN_ABOUT_RETURN_TYPE = YES_ERROR;
				GCC_WARN_UNDECLARED_SELECTOR = YES;
				GCC_WARN_UNINITIALIZED_AUTOS = YES_AGGRESSIVE;
				GCC_WARN_UNUSED_FUNCTION = YES;
				GCC_WARN_UNUSED_VARIABLE = YES;
				IPHONEOS_DEPLOYMENT_TARGET = 17.2;
				LOCALIZATION_PREFERS_STRING_CATALOGS = YES;
				MTL_ENABLE_DEBUG_INFO = NO;
				MTL_FAST_MATH = YES;
				SDKROOT = iphoneos;
				SWIFT_COMPILATION_MODE = wholemodule;
				VALIDATE_PRODUCT = YES;
			};
			name = Release;
		};
		4E81BE322BD65A320073A5C0 /* Debug */ = {
			isa = XCBuildConfiguration;
			buildSettings = {
				ASSETCATALOG_COMPILER_APPICON_NAME = AppIcon;
				ASSETCATALOG_COMPILER_GLOBAL_ACCENT_COLOR_NAME = AccentColor;
				CODE_SIGN_STYLE = Automatic;
				CURRENT_PROJECT_VERSION = 1;
				DEVELOPMENT_TEAM = 586K899ZYU;
				GENERATE_INFOPLIST_FILE = YES;
				INFOPLIST_FILE = myDiary/Info.plist;
				INFOPLIST_KEY_UIApplicationSupportsIndirectInputEvents = YES;
				INFOPLIST_KEY_UILaunchStoryboardName = LaunchScreen;
				INFOPLIST_KEY_UISupportedInterfaceOrientations_iPad = "UIInterfaceOrientationPortrait UIInterfaceOrientationPortraitUpsideDown UIInterfaceOrientationLandscapeLeft UIInterfaceOrientationLandscapeRight";
				INFOPLIST_KEY_UISupportedInterfaceOrientations_iPhone = "UIInterfaceOrientationPortrait UIInterfaceOrientationLandscapeLeft UIInterfaceOrientationLandscapeRight";
				LD_RUNPATH_SEARCH_PATHS = (
					"$(inherited)",
					"@executable_path/Frameworks",
				);
				MARKETING_VERSION = 1.0;
				PRODUCT_BUNDLE_IDENTIFIER = com.studyhard.myDiary;
				PRODUCT_NAME = "$(TARGET_NAME)";
				SWIFT_EMIT_LOC_STRINGS = YES;
				SWIFT_VERSION = 5.0;
				TARGETED_DEVICE_FAMILY = "1,2";
			};
			name = Debug;
		};
		4E81BE332BD65A320073A5C0 /* Release */ = {
			isa = XCBuildConfiguration;
			buildSettings = {
				ASSETCATALOG_COMPILER_APPICON_NAME = AppIcon;
				ASSETCATALOG_COMPILER_GLOBAL_ACCENT_COLOR_NAME = AccentColor;
				CODE_SIGN_STYLE = Automatic;
				CURRENT_PROJECT_VERSION = 1;
				DEVELOPMENT_TEAM = 586K899ZYU;
				GENERATE_INFOPLIST_FILE = YES;
				INFOPLIST_FILE = myDiary/Info.plist;
				INFOPLIST_KEY_UIApplicationSupportsIndirectInputEvents = YES;
				INFOPLIST_KEY_UILaunchStoryboardName = LaunchScreen;
				INFOPLIST_KEY_UISupportedInterfaceOrientations_iPad = "UIInterfaceOrientationPortrait UIInterfaceOrientationPortraitUpsideDown UIInterfaceOrientationLandscapeLeft UIInterfaceOrientationLandscapeRight";
				INFOPLIST_KEY_UISupportedInterfaceOrientations_iPhone = "UIInterfaceOrientationPortrait UIInterfaceOrientationLandscapeLeft UIInterfaceOrientationLandscapeRight";
				LD_RUNPATH_SEARCH_PATHS = (
					"$(inherited)",
					"@executable_path/Frameworks",
				);
				MARKETING_VERSION = 1.0;
				PRODUCT_BUNDLE_IDENTIFIER = com.studyhard.myDiary;
				PRODUCT_NAME = "$(TARGET_NAME)";
				SWIFT_EMIT_LOC_STRINGS = YES;
				SWIFT_VERSION = 5.0;
				TARGETED_DEVICE_FAMILY = "1,2";
			};
			name = Release;
		};
/* End XCBuildConfiguration section */

/* Begin XCConfigurationList section */
		4E81BE182BD65A300073A5C0 /* Build configuration list for PBXProject "myDiary" */ = {
			isa = XCConfigurationList;
			buildConfigurations = (
				4E81BE2F2BD65A320073A5C0 /* Debug */,
				4E81BE302BD65A320073A5C0 /* Release */,
			);
			defaultConfigurationIsVisible = 0;
			defaultConfigurationName = Release;
		};
		4E81BE312BD65A320073A5C0 /* Build configuration list for PBXNativeTarget "myDiary" */ = {
			isa = XCConfigurationList;
			buildConfigurations = (
				4E81BE322BD65A320073A5C0 /* Debug */,
				4E81BE332BD65A320073A5C0 /* Release */,
			);
			defaultConfigurationIsVisible = 0;
			defaultConfigurationName = Release;
		};
/* End XCConfigurationList section */

/* Begin XCRemoteSwiftPackageReference section */
		4E3157702BD8F12500C14060 /* XCRemoteSwiftPackageReference "SnapKit" */ = {
			isa = XCRemoteSwiftPackageReference;
			repositoryURL = "https://github.com/SnapKit/SnapKit";
			requirement = {
				kind = upToNextMajorVersion;
				minimumVersion = 5.7.1;
			};
		};
		4E3157752BD8F12F00C14060 /* XCRemoteSwiftPackageReference "RxSwift" */ = {
			isa = XCRemoteSwiftPackageReference;
			repositoryURL = "https://github.com/ReactiveX/RxSwift";
			requirement = {
				kind = upToNextMajorVersion;
				minimumVersion = 6.7.0;
			};
		};
		4E3157802BD8F13A00C14060 /* XCRemoteSwiftPackageReference "Alamofire" */ = {
			isa = XCRemoteSwiftPackageReference;
			repositoryURL = "https://github.com/Alamofire/Alamofire";
			requirement = {
				kind = upToNextMajorVersion;
				minimumVersion = 5.9.1;
			};
		};
/* End XCRemoteSwiftPackageReference section */

/* Begin XCSwiftPackageProductDependency section */
		4E3157712BD8F12500C14060 /* SnapKit */ = {
			isa = XCSwiftPackageProductDependency;
			package = 4E3157702BD8F12500C14060 /* XCRemoteSwiftPackageReference "SnapKit" */;
			productName = SnapKit;
		};
		4E3157732BD8F12500C14060 /* SnapKit-Dynamic */ = {
			isa = XCSwiftPackageProductDependency;
			package = 4E3157702BD8F12500C14060 /* XCRemoteSwiftPackageReference "SnapKit" */;
			productName = "SnapKit-Dynamic";
		};
		4E3157762BD8F12F00C14060 /* RxBlocking */ = {
			isa = XCSwiftPackageProductDependency;
			package = 4E3157752BD8F12F00C14060 /* XCRemoteSwiftPackageReference "RxSwift" */;
			productName = RxBlocking;
		};
		4E3157782BD8F12F00C14060 /* RxBlocking-Dynamic */ = {
			isa = XCSwiftPackageProductDependency;
			package = 4E3157752BD8F12F00C14060 /* XCRemoteSwiftPackageReference "RxSwift" */;
			productName = "RxBlocking-Dynamic";
		};
		4E31577A2BD8F12F00C14060 /* RxCocoa */ = {
			isa = XCSwiftPackageProductDependency;
			package = 4E3157752BD8F12F00C14060 /* XCRemoteSwiftPackageReference "RxSwift" */;
			productName = RxCocoa;
		};
		4E31577C2BD8F12F00C14060 /* RxCocoa-Dynamic */ = {
			isa = XCSwiftPackageProductDependency;
			package = 4E3157752BD8F12F00C14060 /* XCRemoteSwiftPackageReference "RxSwift" */;
			productName = "RxCocoa-Dynamic";
		};
		4E31577E2BD8F12F00C14060 /* RxRelay */ = {
			isa = XCSwiftPackageProductDependency;
			package = 4E3157752BD8F12F00C14060 /* XCRemoteSwiftPackageReference "RxSwift" */;
			productName = RxRelay;
		};
		4E3157812BD8F13A00C14060 /* Alamofire */ = {
			isa = XCSwiftPackageProductDependency;
			package = 4E3157802BD8F13A00C14060 /* XCRemoteSwiftPackageReference "Alamofire" */;
			productName = Alamofire;
		};
		4E3157832BD8F13A00C14060 /* AlamofireDynamic */ = {
			isa = XCSwiftPackageProductDependency;
			package = 4E3157802BD8F13A00C14060 /* XCRemoteSwiftPackageReference "Alamofire" */;
			productName = AlamofireDynamic;
		};
/* End XCSwiftPackageProductDependency section */
	};
	rootObject = 4E81BE152BD65A300073A5C0 /* Project object */;
}
